
Microsoft Visual Studio Solution File, Format Version 12.00
# Visual Studio 15
VisualStudioVersion = 15.0.28010.2046
MinimumVisualStudioVersion = 10.0.40219.1
Project("{2150E333-8FDC-42A3-9474-1A3956D46DE8}") = "Data", "Data", "{A5BDF5E1-2390-4E02-9C71-75D400583B98}"
EndProject
Project("{2150E333-8FDC-42A3-9474-1A3956D46DE8}") = "Business", "Business", "{553D53CB-2F0F-48B2-AB28-ABB5469DD42D}"
EndProject
Project("{2150E333-8FDC-42A3-9474-1A3956D46DE8}") = "Web", "Web", "{0D09E5A4-7C5B-4E2B-8DFA-2B4889FD7DCF}"
EndProject
Project("{FAE04EC0-301F-11D3-BF4B-00C04F79EFBC}") = "Dictionary.App", "Dictionary.App\Dictionary.App.csproj", "{8CBD2887-24DC-4D5A-8DAA-E84EF210E0F7}"
EndProject
Project("{FAE04EC0-301F-11D3-BF4B-00C04F79EFBC}") = "Dictionary.Models", "Dictionary.Models\Dictionary.Models.csproj", "{A221B0AA-1004-4A2C-B88E-FFD5AA133D8D}"
EndProject
Project("{FAE04EC0-301F-11D3-BF4B-00C04F79EFBC}") = "Dictionary.Repository", "Dictionary.Repository\Dictionary.Repository.csproj", "{C0D226A9-0741-424E-A6BB-74D22821490D}"
EndProject
Global
	GlobalSection(SolutionConfigurationPlatforms) = preSolution
		Debug|Any CPU = Debug|Any CPU
		Release|Any CPU = Release|Any CPU
	EndGlobalSection
	GlobalSection(ProjectConfigurationPlatforms) = postSolution
		{8CBD2887-24DC-4D5A-8DAA-E84EF210E0F7}.Debug|Any CPU.ActiveCfg = Debug|Any CPU
		{8CBD2887-24DC-4D5A-8DAA-E84EF210E0F7}.Debug|Any CPU.Build.0 = Debug|Any CPU
		{8CBD2887-24DC-4D5A-8DAA-E84EF210E0F7}.Release|Any CPU.ActiveCfg = Release|Any CPU
		{8CBD2887-24DC-4D5A-8DAA-E84EF210E0F7}.Release|Any CPU.Build.0 = Release|Any CPU
		{A221B0AA-1004-4A2C-B88E-FFD5AA133D8D}.Debug|Any CPU.ActiveCfg = Debug|Any CPU
		{A221B0AA-1004-4A2C-B88E-FFD5AA133D8D}.Debug|Any CPU.Build.0 = Debug|Any CPU
		{A221B0AA-1004-4A2C-B88E-FFD5AA133D8D}.Release|Any CPU.ActiveCfg = Release|Any CPU
		{A221B0AA-1004-4A2C-B88E-FFD5AA133D8D}.Release|Any CPU.Build.0 = Release|Any CPU
		{C0D226A9-0741-424E-A6BB-74D22821490D}.Debug|Any CPU.ActiveCfg = Debug|Any CPU
		{C0D226A9-0741-424E-A6BB-74D22821490D}.Debug|Any CPU.Build.0 = Debug|Any CPU
		{C0D226A9-0741-424E-A6BB-74D22821490D}.Release|Any CPU.ActiveCfg = Release|Any CPU
		{C0D226A9-0741-424E-A6BB-74D22821490D}.Release|Any CPU.Build.0 = Release|Any CPU
	EndGlobalSection
	GlobalSection(SolutionProperties) = preSolution
		HideSolutionNode = FALSE
	EndGlobalSection
	GlobalSection(NestedProjects) = preSolution
		{8CBD2887-24DC-4D5A-8DAA-E84EF210E0F7} = {0D09E5A4-7C5B-4E2B-8DFA-2B4889FD7DCF}
		{A221B0AA-1004-4A2C-B88E-FFD5AA133D8D} = {A5BDF5E1-2390-4E02-9C71-75D400583B98}
		{C0D226A9-0741-424E-A6BB-74D22821490D} = {A5BDF5E1-2390-4E02-9C71-75D400583B98}
	EndGlobalSection
	GlobalSection(ExtensibilityGlobals) = postSolution
		SolutionGuid = {1626F55F-C5B8-4311-9EC6-DA3C2DAA005B}
	EndGlobalSection
EndGlobal
